
Microsoft Visual Studio Solution File, Format Version 12.00
# Visual Studio Version 17
VisualStudioVersion = 17.14.36327.8 d17.14
MinimumVisualStudioVersion = 10.0.40219.1
Project("{FAE04EC0-301F-11D3-BF4B-00C04F79EFBC}") = "2-22⑤", "2-22⑤\2-22⑤.csproj", "{45CF2341-75B8-45FB-985A-364BAA2F7DE4}"
EndProject
Global
	GlobalSection(SolutionConfigurationPlatforms) = preSolution
		Debug|Any CPU = Debug|Any CPU
		Release|Any CPU = Release|Any CPU
	EndGlobalSection
	GlobalSection(ProjectConfigurationPlatforms) = postSolution
		{45CF2341-75B8-45FB-985A-364BAA2F7DE4}.Debug|Any CPU.ActiveCfg = Debug|Any CPU
		{45CF2341-75B8-45FB-985A-364BAA2F7DE4}.Debug|Any CPU.Build.0 = Debug|Any CPU
		{45CF2341-75B8-45FB-985A-364BAA2F7DE4}.Release|Any CPU.ActiveCfg = Release|Any CPU
		{45CF2341-75B8-45FB-985A-364BAA2F7DE4}.Release|Any CPU.Build.0 = Release|Any CPU
	EndGlobalSection
	GlobalSection(SolutionProperties) = preSolution
		HideSolutionNode = FALSE
	EndGlobalSection
	GlobalSection(ExtensibilityGlobals) = postSolution
		SolutionGuid = {DBCF1FED-E143-4736-B07C-8350D00551E3}
	EndGlobalSection
EndGlobal
